
Microsoft Visual Studio Solution File, Format Version 12.00
Project("{FAE04EC0-301F-11D3-BF4B-00C04F79EFBC}") = "MyWork.Api", "MyWork.Api\MyWork.Api.csproj", "{3FC5FDC3-5C18-4F71-801B-F50C408FFE27}"
EndProject
Project("{FAE04EC0-301F-11D3-BF4B-00C04F79EFBC}") = "MyWork.Tests", "MyWork.Tests\MyWork.Tests.csproj", "{6A81C324-E43C-4C1C-B9EA-29C26B94D8D4}"
EndProject
Project("{FAE04EC0-301F-11D3-BF4B-00C04F79EFBC}") = "NetStandard.Utils", "NetStandard.Utils\NetStandard.Utils.csproj", "{905095C3-BDBC-4DF4-BAA5-0BEA1E29529B}"
EndProject
Project("{FAE04EC0-301F-11D3-BF4B-00C04F79EFBC}") = "NetStandard.Utils.Tests", "NetStandard.Utils.Tests\NetStandard.Utils.Tests.csproj", "{212FDB30-D231-43B4-93FE-336E801144B2}"
EndProject
Global
	GlobalSection(SolutionConfigurationPlatforms) = preSolution
		Debug|Any CPU = Debug|Any CPU
		Release|Any CPU = Release|Any CPU
	EndGlobalSection
	GlobalSection(ProjectConfigurationPlatforms) = postSolution
		{3FC5FDC3-5C18-4F71-801B-F50C408FFE27}.Debug|Any CPU.ActiveCfg = Debug|Any CPU
		{3FC5FDC3-5C18-4F71-801B-F50C408FFE27}.Debug|Any CPU.Build.0 = Debug|Any CPU
		{3FC5FDC3-5C18-4F71-801B-F50C408FFE27}.Release|Any CPU.ActiveCfg = Release|Any CPU
		{3FC5FDC3-5C18-4F71-801B-F50C408FFE27}.Release|Any CPU.Build.0 = Release|Any CPU
		{6A81C324-E43C-4C1C-B9EA-29C26B94D8D4}.Debug|Any CPU.ActiveCfg = Debug|Any CPU
		{6A81C324-E43C-4C1C-B9EA-29C26B94D8D4}.Debug|Any CPU.Build.0 = Debug|Any CPU
		{6A81C324-E43C-4C1C-B9EA-29C26B94D8D4}.Release|Any CPU.ActiveCfg = Release|Any CPU
		{6A81C324-E43C-4C1C-B9EA-29C26B94D8D4}.Release|Any CPU.Build.0 = Release|Any CPU
		{905095C3-BDBC-4DF4-BAA5-0BEA1E29529B}.Debug|Any CPU.ActiveCfg = Debug|Any CPU
		{905095C3-BDBC-4DF4-BAA5-0BEA1E29529B}.Debug|Any CPU.Build.0 = Debug|Any CPU
		{905095C3-BDBC-4DF4-BAA5-0BEA1E29529B}.Release|Any CPU.ActiveCfg = Release|Any CPU
		{905095C3-BDBC-4DF4-BAA5-0BEA1E29529B}.Release|Any CPU.Build.0 = Release|Any CPU
		{212FDB30-D231-43B4-93FE-336E801144B2}.Debug|Any CPU.ActiveCfg = Debug|Any CPU
		{212FDB30-D231-43B4-93FE-336E801144B2}.Debug|Any CPU.Build.0 = Debug|Any CPU
		{212FDB30-D231-43B4-93FE-336E801144B2}.Release|Any CPU.ActiveCfg = Release|Any CPU
		{212FDB30-D231-43B4-93FE-336E801144B2}.Release|Any CPU.Build.0 = Release|Any CPU
	EndGlobalSection
EndGlobal
